
Microsoft Visual Studio Solution File, Format Version 12.00
# Visual Studio Version 16
VisualStudioVersion = 16.0.31005.135
MinimumVisualStudioVersion = 10.0.40219.1
Project("{2150E333-8FDC-42A3-9474-1A3956D46DE8}") = "Engine", "Engine", "{E9FD7529-0046-4328-A627-E864204F5C4A}"
EndProject
Project("{2150E333-8FDC-42A3-9474-1A3956D46DE8}") = "Framework", "Framework", "{682CE208-6533-4AC8-B703-863D88A27E33}"
EndProject
Project("{2150E333-8FDC-42A3-9474-1A3956D46DE8}") = "VGP242", "VGP242", "{34979924-3C8D-4DD8-B688-69C724EE45C6}"
EndProject
Project("{8BC9CEB8-8B4A-11D0-8D11-00A0C91BC942}") = "Core", "Framework\Core\Core.vcxproj", "{444BDD44-001F-4B01-BDF6-7AD45FA9D360}"
EndProject
Project("{8BC9CEB8-8B4A-11D0-8D11-00A0C91BC942}") = "Math", "Framework\Math\Math.vcxproj", "{D43994C0-C4B5-4E5F-9D8C-2E38C36660F1}"
EndProject
Project("{2150E333-8FDC-42A3-9474-1A3956D46DE8}") = "UnitTests", "UnitTests", "{7122A204-2EF7-49E4-95FB-38FD862F3D54}"
EndProject
Project("{8BC9CEB8-8B4A-11D0-8D11-00A0C91BC942}") = "MathTest", "UnitTests\MathTest\MathTest.vcxproj", "{2D64311A-5C7C-477C-9295-686F9B47A5EC}"
EndProject
Project("{8BC9CEB8-8B4A-11D0-8D11-00A0C91BC942}") = "01_HelloWindow", "VGP242\01_HelloWindow\01_HelloWindow.vcxproj", "{EFFF697C-21AE-4810-8A94-7EDAF118BD13}"
EndProject
Project("{8BC9CEB8-8B4A-11D0-8D11-00A0C91BC942}") = "CEngine", "Engine\CEngine\CEngine.vcxproj", "{416BD204-113D-48A9-B031-B8A1B24D30C2}"
EndProject
Project("{8BC9CEB8-8B4A-11D0-8D11-00A0C91BC942}") = "Graphics", "Framework\Graphics\Graphics.vcxproj", "{E44CF453-FF21-410B-9207-F14994DC5996}"
EndProject
Project("{8BC9CEB8-8B4A-11D0-8D11-00A0C91BC942}") = "02_HelloDirectX", "VGP242\02_HelloDirectX\02_HelloDirectX.vcxproj", "{F6EE6C4D-E84C-4D15-B5E8-770BE6625029}"
EndProject
Project("{8BC9CEB8-8B4A-11D0-8D11-00A0C91BC942}") = "03_HelloTriangle", "VGP242\03_HelloTriangle\03_HelloTriangle.vcxproj", "{428F7758-A18C-4D3D-A759-5FAB4C679E94}"
EndProject
Project("{2150E333-8FDC-42A3-9474-1A3956D46DE8}") = "Assets", "Assets", "{CBFFACBE-E691-4F5B-83F9-18E034DBFE3F}"
EndProject
Project("{2150E333-8FDC-42A3-9474-1A3956D46DE8}") = "Shaders", "Shaders", "{B16A7E91-DBEE-4D6C-A212-64F0F045C154}"
	ProjectSection(SolutionItems) = preProject
		Assets\Shaders\ConstantBuffers.fx = Assets\Shaders\ConstantBuffers.fx
		Assets\Shaders\DoNothing.fx = Assets\Shaders\DoNothing.fx
		Assets\Shaders\DoSomething.fx = Assets\Shaders\DoSomething.fx
		Assets\Shaders\DoTexturing.fx = Assets\Shaders\DoTexturing.fx
		Assets\Shaders\DoTransform.fx = Assets\Shaders\DoTransform.fx
		Assets\Shaders\GaussianBlur.fx = Assets\Shaders\GaussianBlur.fx
		Assets\Shaders\PostProcess.fx = Assets\Shaders\PostProcess.fx
		Assets\Shaders\Reflection.fx = Assets\Shaders\Reflection.fx
		Assets\Shaders\Shadow.fx = Assets\Shaders\Shadow.fx
		Assets\Shaders\SimpleDraw.fx = Assets\Shaders\SimpleDraw.fx
		Assets\Shaders\Standard.fx = Assets\Shaders\Standard.fx
		Assets\Shaders\Terrain.fx = Assets\Shaders\Terrain.fx
	EndProjectSection
EndProject
Project("{8BC9CEB8-8B4A-11D0-8D11-00A0C91BC942}") = "04_HelloShapes", "VGP242\04_HelloShapes\04_HelloShapes.vcxproj", "{480CEEBC-5394-4919-A5A7-75667DE08230}"
EndProject
Project("{8BC9CEB8-8B4A-11D0-8D11-00A0C91BC942}") = "Input", "Framework\Input\Input.vcxproj", "{3629F01A-6FED-42EB-B308-E9F7F1346EAF}"
EndProject
Project("{2150E333-8FDC-42A3-9474-1A3956D46DE8}") = "External", "External", "{A078CCAB-C050-4259-98B0-91007493623C}"
EndProject
Project("{8BC9CEB8-8B4A-11D0-8D11-00A0C91BC942}") = "DirectXTK_Desktop_2019", "External\DirectXTK\DirectXTK_Desktop_2019.vcxproj", "{E0B52AE7-E160-4D32-BF3F-910B785E5A8E}"
EndProject
Project("{8BC9CEB8-8B4A-11D0-8D11-00A0C91BC942}") = "05_HelloCube", "VGP242\05_HelloCube\05_HelloCube.vcxproj", "{A1C49F84-347D-4AC5-ABCB-6944317E64E6}"
EndProject
Project("{8BC9CEB8-8B4A-11D0-8D11-00A0C91BC942}") = "06_HelloMesh", "VGP242\06_HelloMesh\06_HelloMesh.vcxproj", "{7882EB09-6F33-4A84-A547-B777AA34047F}"
EndProject
Project("{2150E333-8FDC-42A3-9474-1A3956D46DE8}") = "Images", "Images", "{E241A2F5-DA7D-47D0-A265-4FA57E742D67}"
	ProjectSection(SolutionItems) = preProject
		Assets\Images\basketball.jpg = Assets\Images\basketball.jpg
		Assets\Images\concrete.jpeg = Assets\Images\concrete.jpeg
		Assets\Images\earth.jpg = Assets\Images\earth.jpg
		Assets\Images\earth_bump.jpg = Assets\Images\earth_bump.jpg
		Assets\Images\earth_clouds.jpg = Assets\Images\earth_clouds.jpg
		Assets\Images\earth_lights.jpg = Assets\Images\earth_lights.jpg
		Assets\Images\earth_normal.jpg = Assets\Images\earth_normal.jpg
		Assets\Images\earth_spec.jpg = Assets\Images\earth_spec.jpg
		Assets\Images\mars.jpg = Assets\Images\mars.jpg
		Assets\Images\mercury.jpg = Assets\Images\mercury.jpg
		Assets\Images\moon.jpg = Assets\Images\moon.jpg
		Assets\Images\space.jpg = Assets\Images\space.jpg
		Assets\Images\sun.jpg = Assets\Images\sun.jpg
		Assets\Images\venus.jpg = Assets\Images\venus.jpg
	EndProjectSection
EndProject
Project("{8BC9CEB8-8B4A-11D0-8D11-00A0C91BC942}") = "VGP242_Final", "VGP242\VGP242_Final\VGP242_Final.vcxproj", "{20F4F400-B46D-4B1D-A7F8-99186C8DAE6C}"
EndProject
Project("{8BC9CEB8-8B4A-11D0-8D11-00A0C91BC942}") = "00_HelloWorld", "VGP242\00_HelloWorld\00_HelloWorld.vcxproj", "{39F90411-A28E-4513-B43A-2F5ABBC369B6}"
EndProject
Project("{8BC9CEB8-8B4A-11D0-8D11-00A0C91BC942}") = "07_HelloSimpleDraw", "VGP242\07_HelloSimpleDraw\07_HelloSimpleDraw.vcxproj", "{74D3EBD4-FF35-47BD-B3FF-F02FC42B803F}"
EndProject
Project("{8BC9CEB8-8B4A-11D0-8D11-00A0C91BC942}") = "ImGui", "External\ImGui\ImGui.vcxproj", "{83851E51-0595-42C5-A572-BF27E93319DB}"
EndProject
Project("{2150E333-8FDC-42A3-9474-1A3956D46DE8}") = "VGP330", "VGP330", "{749BAC45-867C-43BF-AAF6-8437BB453E2D}"
EndProject
Project("{8BC9CEB8-8B4A-11D0-8D11-00A0C91BC942}") = "08_HelloLighting", "VGP330\08_HelloLighting\08_HelloLighting.vcxproj", "{CFB11ECD-922A-43CF-9D2C-3145E12CC68B}"
EndProject
Project("{8BC9CEB8-8B4A-11D0-8D11-00A0C91BC942}") = "09_HelloPostProcessing", "VGP330\09_HelloPostProcessing\09_HelloPostProcessing.vcxproj", "{BEFE5F5A-56F1-470E-8665-8999C839B4DE}"
EndProject
Project("{8BC9CEB8-8B4A-11D0-8D11-00A0C91BC942}") = "10_HelloBloom", "VGP330\10_HelloBloom\10_HelloBloom.vcxproj", "{C87A0506-7228-44AE-B707-F68BF6FD5A98}"
EndProject
Project("{8BC9CEB8-8B4A-11D0-8D11-00A0C91BC942}") = "11_HelloShadow", "VGP330\11_HelloShadow\11_HelloShadow.vcxproj", "{FF8B8F9A-5D7F-44F9-B01A-5500F5FEA95E}"
EndProject
Project("{2150E333-8FDC-42A3-9474-1A3956D46DE8}") = "Tools", "Tools", "{53BBFA22-81E2-49E7-8D6D-81CDDD9C2EAF}"
EndProject
Project("{8BC9CEB8-8B4A-11D0-8D11-00A0C91BC942}") = "ModelImporter", "Tools\ModelImporter\ModelImporter.vcxproj", "{D257F7F9-9B85-4AB7-A51B-79A68A004BF9}"
EndProject
Project("{2150E333-8FDC-42A3-9474-1A3956D46DE8}") = "Models", "Models", "{8B2F3BBC-1E57-4C49-ABBD-11B8C3E96F81}"
EndProject
Project("{2150E333-8FDC-42A3-9474-1A3956D46DE8}") = "Duck", "Duck", "{4416BAF0-1075-409E-B4A3-3C822F4BF5CF}"
	ProjectSection(SolutionItems) = preProject
		Assets\Models\Duck\duck.fbx = Assets\Models\Duck\duck.fbx
		Assets\Models\Duck\duck.model = Assets\Models\Duck\duck.model
		Assets\Models\Duck\duck.png = Assets\Models\Duck\duck.png
	EndProjectSection
EndProject
Project("{8BC9CEB8-8B4A-11D0-8D11-00A0C91BC942}") = "VGP330_Final", "VGP330\VGP330_Final\VGP330_Final.vcxproj", "{E5B78904-4221-421F-9EAE-C9B5C9665718}"
EndProject
Project("{2150E333-8FDC-42A3-9474-1A3956D46DE8}") = "VGP334", "VGP334", "{473EFD43-E42F-4D08-A082-CF154BF445E4}"
EndProject
Project("{8BC9CEB8-8B4A-11D0-8D11-00A0C91BC942}") = "12_HelloAnimation", "VGP334\12_HelloAnimation\12_HelloAnimation.vcxproj", "{68ADB59B-FB33-4058-9C2E-4560880880E8}"
EndProject
Project("{8BC9CEB8-8B4A-11D0-8D11-00A0C91BC942}") = "13_HelloModel", "VGP334\13_HelloModel\12_HelloModel.vcxproj", "{B9F5FC6F-4401-46A5-8AEC-923F95B6F750}"
EndProject
Project("{8BC9CEB8-8B4A-11D0-8D11-00A0C91BC942}") = "15_HelloAnimation", "VGP334\14_HelloSkeleton\14_HelloSkeleton.vcxproj", "{00C40D33-7201-4B35-8A3B-99199DD5D52F}"
EndProject
Project("{8BC9CEB8-8B4A-11D0-8D11-00A0C91BC942}") = "14_HelloSkeleton", "VGP334\15_HelloAnimation\15_HelloAnimation.vcxproj", "{1839FD88-5B0E-4A17-B2A7-91D9691B8665}"
EndProject
Project("{2150E333-8FDC-42A3-9474-1A3956D46DE8}") = "VGP336", "VGP336", "{5C383F88-8C7F-4A45-B526-6094C5F3D6C2}"
EndProject
Project("{8BC9CEB8-8B4A-11D0-8D11-00A0C91BC942}") = "16_HelloMemory", "VGP336\16_HelloMemory\16_HelloMemory.vcxproj", "{76DDA802-55D1-4F1E-A488-300500D6DA6A}"
EndProject
Project("{8BC9CEB8-8B4A-11D0-8D11-00A0C91BC942}") = "17_HelloGameWorld", "VGP336\17_HelloGameWorld\17_HelloGameWorld.vcxproj", "{3F98509D-34D7-4CDB-9DBD-AB438408D332}"
EndProject
Project("{2150E333-8FDC-42A3-9474-1A3956D46DE8}") = "Templates", "Templates", "{CB260DCD-0107-46B5-84B1-1DE6D926481C}"
	ProjectSection(SolutionItems) = preProject
		Assets\Templates\fps_camera.json = Assets\Templates\fps_camera.json
		Assets\Templates\ground.json = Assets\Templates\ground.json
		Assets\Templates\test_level.json = Assets\Templates\test_level.json
		Assets\Templates\test_player.json = Assets\Templates\test_player.json
	EndProjectSection
EndProject
Project("{8BC9CEB8-8B4A-11D0-8D11-00A0C91BC942}") = "Bullet", "External\Bullet\Bullet.vcxproj", "{516192EB-788A-4FE7-B2B7-2EF9AC036B12}"
EndProject
Project("{8BC9CEB8-8B4A-11D0-8D11-00A0C91BC942}") = "18_HelloGameWorld2", "VGP336\18_HelloGameWorld2\18_HelloGameWorld2.vcxproj", "{09C7AB0B-5093-4602-8DB8-580838E2824A}"
EndProject
Project("{8BC9CEB8-8B4A-11D0-8D11-00A0C91BC942}") = "19_CEngine_Final", "VGP336\19_CEngine_Final\19_CEngine_Final.vcxproj", "{99898ECA-55D9-48CC-B888-07A1525BDDE7}"
EndProject
Project("{8BC9CEB8-8B4A-11D0-8D11-00A0C91BC942}") = "Physics", "Framework\Physics\Physics.vcxproj", "{27A5E7EF-B565-493F-AF78-28ABC846BD76}"
EndProject
Project("{8BC9CEB8-8B4A-11D0-8D11-00A0C91BC942}") = "20_Final", "VGP336\20_Final\20_Final.vcxproj", "{02CF87C9-8623-4A09-A4B2-A43B0D730E03}"
EndProject
Global
	GlobalSection(SolutionConfigurationPlatforms) = preSolution
		Debug|x64 = Debug|x64
		Debug|x86 = Debug|x86
		Release|x64 = Release|x64
		Release|x86 = Release|x86
	EndGlobalSection
	GlobalSection(ProjectConfigurationPlatforms) = postSolution
		{444BDD44-001F-4B01-BDF6-7AD45FA9D360}.Debug|x64.ActiveCfg = Debug|x64
		{444BDD44-001F-4B01-BDF6-7AD45FA9D360}.Debug|x64.Build.0 = Debug|x64
		{444BDD44-001F-4B01-BDF6-7AD45FA9D360}.Debug|x86.ActiveCfg = Debug|Win32
		{444BDD44-001F-4B01-BDF6-7AD45FA9D360}.Debug|x86.Build.0 = Debug|Win32
		{444BDD44-001F-4B01-BDF6-7AD45FA9D360}.Release|x64.ActiveCfg = Release|x64
		{444BDD44-001F-4B01-BDF6-7AD45FA9D360}.Release|x64.Build.0 = Release|x64
		{444BDD44-001F-4B01-BDF6-7AD45FA9D360}.Release|x86.ActiveCfg = Release|Win32
		{444BDD44-001F-4B01-BDF6-7AD45FA9D360}.Release|x86.Build.0 = Release|Win32
		{D43994C0-C4B5-4E5F-9D8C-2E38C36660F1}.Debug|x64.ActiveCfg = Debug|x64
		{D43994C0-C4B5-4E5F-9D8C-2E38C36660F1}.Debug|x64.Build.0 = Debug|x64
		{D43994C0-C4B5-4E5F-9D8C-2E38C36660F1}.Debug|x86.ActiveCfg = Debug|Win32
		{D43994C0-C4B5-4E5F-9D8C-2E38C36660F1}.Debug|x86.Build.0 = Debug|Win32
		{D43994C0-C4B5-4E5F-9D8C-2E38C36660F1}.Release|x64.ActiveCfg = Release|x64
		{D43994C0-C4B5-4E5F-9D8C-2E38C36660F1}.Release|x64.Build.0 = Release|x64
		{D43994C0-C4B5-4E5F-9D8C-2E38C36660F1}.Release|x86.ActiveCfg = Release|Win32
		{D43994C0-C4B5-4E5F-9D8C-2E38C36660F1}.Release|x86.Build.0 = Release|Win32
		{2D64311A-5C7C-477C-9295-686F9B47A5EC}.Debug|x64.ActiveCfg = Debug|x64
		{2D64311A-5C7C-477C-9295-686F9B47A5EC}.Debug|x64.Build.0 = Debug|x64
		{2D64311A-5C7C-477C-9295-686F9B47A5EC}.Debug|x86.ActiveCfg = Debug|Win32
		{2D64311A-5C7C-477C-9295-686F9B47A5EC}.Debug|x86.Build.0 = Debug|Win32
		{2D64311A-5C7C-477C-9295-686F9B47A5EC}.Release|x64.ActiveCfg = Release|x64
		{2D64311A-5C7C-477C-9295-686F9B47A5EC}.Release|x64.Build.0 = Release|x64
		{2D64311A-5C7C-477C-9295-686F9B47A5EC}.Release|x86.ActiveCfg = Release|Win32
		{2D64311A-5C7C-477C-9295-686F9B47A5EC}.Release|x86.Build.0 = Release|Win32
		{EFFF697C-21AE-4810-8A94-7EDAF118BD13}.Debug|x64.ActiveCfg = Debug|x64
		{EFFF697C-21AE-4810-8A94-7EDAF118BD13}.Debug|x64.Build.0 = Debug|x64
		{EFFF697C-21AE-4810-8A94-7EDAF118BD13}.Debug|x86.ActiveCfg = Debug|Win32
		{EFFF697C-21AE-4810-8A94-7EDAF118BD13}.Debug|x86.Build.0 = Debug|Win32
		{EFFF697C-21AE-4810-8A94-7EDAF118BD13}.Release|x64.ActiveCfg = Release|x64
		{EFFF697C-21AE-4810-8A94-7EDAF118BD13}.Release|x64.Build.0 = Release|x64
		{EFFF697C-21AE-4810-8A94-7EDAF118BD13}.Release|x86.ActiveCfg = Release|Win32
		{EFFF697C-21AE-4810-8A94-7EDAF118BD13}.Release|x86.Build.0 = Release|Win32
		{416BD204-113D-48A9-B031-B8A1B24D30C2}.Debug|x64.ActiveCfg = Debug|x64
		{416BD204-113D-48A9-B031-B8A1B24D30C2}.Debug|x64.Build.0 = Debug|x64
		{416BD204-113D-48A9-B031-B8A1B24D30C2}.Debug|x86.ActiveCfg = Debug|Win32
		{416BD204-113D-48A9-B031-B8A1B24D30C2}.Debug|x86.Build.0 = Debug|Win32
		{416BD204-113D-48A9-B031-B8A1B24D30C2}.Release|x64.ActiveCfg = Release|x64
		{416BD204-113D-48A9-B031-B8A1B24D30C2}.Release|x64.Build.0 = Release|x64
		{416BD204-113D-48A9-B031-B8A1B24D30C2}.Release|x86.ActiveCfg = Release|Win32
		{416BD204-113D-48A9-B031-B8A1B24D30C2}.Release|x86.Build.0 = Release|Win32
		{E44CF453-FF21-410B-9207-F14994DC5996}.Debug|x64.ActiveCfg = Debug|x64
		{E44CF453-FF21-410B-9207-F14994DC5996}.Debug|x64.Build.0 = Debug|x64
		{E44CF453-FF21-410B-9207-F14994DC5996}.Debug|x86.ActiveCfg = Debug|Win32
		{E44CF453-FF21-410B-9207-F14994DC5996}.Debug|x86.Build.0 = Debug|Win32
		{E44CF453-FF21-410B-9207-F14994DC5996}.Release|x64.ActiveCfg = Release|x64
		{E44CF453-FF21-410B-9207-F14994DC5996}.Release|x64.Build.0 = Release|x64
		{E44CF453-FF21-410B-9207-F14994DC5996}.Release|x86.ActiveCfg = Release|Win32
		{E44CF453-FF21-410B-9207-F14994DC5996}.Release|x86.Build.0 = Release|Win32
		{F6EE6C4D-E84C-4D15-B5E8-770BE6625029}.Debug|x64.ActiveCfg = Debug|x64
		{F6EE6C4D-E84C-4D15-B5E8-770BE6625029}.Debug|x64.Build.0 = Debug|x64
		{F6EE6C4D-E84C-4D15-B5E8-770BE6625029}.Debug|x86.ActiveCfg = Debug|Win32
		{F6EE6C4D-E84C-4D15-B5E8-770BE6625029}.Debug|x86.Build.0 = Debug|Win32
		{F6EE6C4D-E84C-4D15-B5E8-770BE6625029}.Release|x64.ActiveCfg = Release|x64
		{F6EE6C4D-E84C-4D15-B5E8-770BE6625029}.Release|x64.Build.0 = Release|x64
		{F6EE6C4D-E84C-4D15-B5E8-770BE6625029}.Release|x86.ActiveCfg = Release|Win32
		{F6EE6C4D-E84C-4D15-B5E8-770BE6625029}.Release|x86.Build.0 = Release|Win32
		{428F7758-A18C-4D3D-A759-5FAB4C679E94}.Debug|x64.ActiveCfg = Debug|x64
		{428F7758-A18C-4D3D-A759-5FAB4C679E94}.Debug|x64.Build.0 = Debug|x64
		{428F7758-A18C-4D3D-A759-5FAB4C679E94}.Debug|x86.ActiveCfg = Debug|Win32
		{428F7758-A18C-4D3D-A759-5FAB4C679E94}.Debug|x86.Build.0 = Debug|Win32
		{428F7758-A18C-4D3D-A759-5FAB4C679E94}.Release|x64.ActiveCfg = Release|x64
		{428F7758-A18C-4D3D-A759-5FAB4C679E94}.Release|x64.Build.0 = Release|x64
		{428F7758-A18C-4D3D-A759-5FAB4C679E94}.Release|x86.ActiveCfg = Release|Win32
		{428F7758-A18C-4D3D-A759-5FAB4C679E94}.Release|x86.Build.0 = Release|Win32
		{480CEEBC-5394-4919-A5A7-75667DE08230}.Debug|x64.ActiveCfg = Debug|x64
		{480CEEBC-5394-4919-A5A7-75667DE08230}.Debug|x64.Build.0 = Debug|x64
		{480CEEBC-5394-4919-A5A7-75667DE08230}.Debug|x86.ActiveCfg = Debug|Win32
		{480CEEBC-5394-4919-A5A7-75667DE08230}.Debug|x86.Build.0 = Debug|Win32
		{480CEEBC-5394-4919-A5A7-75667DE08230}.Release|x64.ActiveCfg = Release|x64
		{480CEEBC-5394-4919-A5A7-75667DE08230}.Release|x64.Build.0 = Release|x64
		{480CEEBC-5394-4919-A5A7-75667DE08230}.Release|x86.ActiveCfg = Release|Win32
		{480CEEBC-5394-4919-A5A7-75667DE08230}.Release|x86.Build.0 = Release|Win32
		{3629F01A-6FED-42EB-B308-E9F7F1346EAF}.Debug|x64.ActiveCfg = Debug|x64
		{3629F01A-6FED-42EB-B308-E9F7F1346EAF}.Debug|x64.Build.0 = Debug|x64
		{3629F01A-6FED-42EB-B308-E9F7F1346EAF}.Debug|x86.ActiveCfg = Debug|Win32
		{3629F01A-6FED-42EB-B308-E9F7F1346EAF}.Debug|x86.Build.0 = Debug|Win32
		{3629F01A-6FED-42EB-B308-E9F7F1346EAF}.Release|x64.ActiveCfg = Release|x64
		{3629F01A-6FED-42EB-B308-E9F7F1346EAF}.Release|x64.Build.0 = Release|x64
		{3629F01A-6FED-42EB-B308-E9F7F1346EAF}.Release|x86.ActiveCfg = Release|Win32
		{3629F01A-6FED-42EB-B308-E9F7F1346EAF}.Release|x86.Build.0 = Release|Win32
		{E0B52AE7-E160-4D32-BF3F-910B785E5A8E}.Debug|x64.ActiveCfg = Debug|x64
		{E0B52AE7-E160-4D32-BF3F-910B785E5A8E}.Debug|x64.Build.0 = Debug|x64
		{E0B52AE7-E160-4D32-BF3F-910B785E5A8E}.Debug|x86.ActiveCfg = Debug|Win32
		{E0B52AE7-E160-4D32-BF3F-910B785E5A8E}.Debug|x86.Build.0 = Debug|Win32
		{E0B52AE7-E160-4D32-BF3F-910B785E5A8E}.Release|x64.ActiveCfg = Release|x64
		{E0B52AE7-E160-4D32-BF3F-910B785E5A8E}.Release|x64.Build.0 = Release|x64
		{E0B52AE7-E160-4D32-BF3F-910B785E5A8E}.Release|x86.ActiveCfg = Release|Win32
		{E0B52AE7-E160-4D32-BF3F-910B785E5A8E}.Release|x86.Build.0 = Release|Win32
		{A1C49F84-347D-4AC5-ABCB-6944317E64E6}.Debug|x64.ActiveCfg = Debug|x64
		{A1C49F84-347D-4AC5-ABCB-6944317E64E6}.Debug|x64.Build.0 = Debug|x64
		{A1C49F84-347D-4AC5-ABCB-6944317E64E6}.Debug|x86.ActiveCfg = Debug|Win32
		{A1C49F84-347D-4AC5-ABCB-6944317E64E6}.Debug|x86.Build.0 = Debug|Win32
		{A1C49F84-347D-4AC5-ABCB-6944317E64E6}.Release|x64.ActiveCfg = Release|x64
		{A1C49F84-347D-4AC5-ABCB-6944317E64E6}.Release|x64.Build.0 = Release|x64
		{A1C49F84-347D-4AC5-ABCB-6944317E64E6}.Release|x86.ActiveCfg = Release|Win32
		{A1C49F84-347D-4AC5-ABCB-6944317E64E6}.Release|x86.Build.0 = Release|Win32
		{7882EB09-6F33-4A84-A547-B777AA34047F}.Debug|x64.ActiveCfg = Debug|x64
		{7882EB09-6F33-4A84-A547-B777AA34047F}.Debug|x64.Build.0 = Debug|x64
		{7882EB09-6F33-4A84-A547-B777AA34047F}.Debug|x86.ActiveCfg = Debug|Win32
		{7882EB09-6F33-4A84-A547-B777AA34047F}.Debug|x86.Build.0 = Debug|Win32
		{7882EB09-6F33-4A84-A547-B777AA34047F}.Release|x64.ActiveCfg = Release|x64
		{7882EB09-6F33-4A84-A547-B777AA34047F}.Release|x64.Build.0 = Release|x64
		{7882EB09-6F33-4A84-A547-B777AA34047F}.Release|x86.ActiveCfg = Release|Win32
		{7882EB09-6F33-4A84-A547-B777AA34047F}.Release|x86.Build.0 = Release|Win32
		{20F4F400-B46D-4B1D-A7F8-99186C8DAE6C}.Debug|x64.ActiveCfg = Debug|x64
		{20F4F400-B46D-4B1D-A7F8-99186C8DAE6C}.Debug|x64.Build.0 = Debug|x64
		{20F4F400-B46D-4B1D-A7F8-99186C8DAE6C}.Debug|x86.ActiveCfg = Debug|Win32
		{20F4F400-B46D-4B1D-A7F8-99186C8DAE6C}.Debug|x86.Build.0 = Debug|Win32
		{20F4F400-B46D-4B1D-A7F8-99186C8DAE6C}.Release|x64.ActiveCfg = Release|x64
		{20F4F400-B46D-4B1D-A7F8-99186C8DAE6C}.Release|x64.Build.0 = Release|x64
		{20F4F400-B46D-4B1D-A7F8-99186C8DAE6C}.Release|x86.ActiveCfg = Release|Win32
		{20F4F400-B46D-4B1D-A7F8-99186C8DAE6C}.Release|x86.Build.0 = Release|Win32
		{39F90411-A28E-4513-B43A-2F5ABBC369B6}.Debug|x64.ActiveCfg = Debug|x64
		{39F90411-A28E-4513-B43A-2F5ABBC369B6}.Debug|x64.Build.0 = Debug|x64
		{39F90411-A28E-4513-B43A-2F5ABBC369B6}.Debug|x86.ActiveCfg = Debug|Win32
		{39F90411-A28E-4513-B43A-2F5ABBC369B6}.Debug|x86.Build.0 = Debug|Win32
		{39F90411-A28E-4513-B43A-2F5ABBC369B6}.Release|x64.ActiveCfg = Release|x64
		{39F90411-A28E-4513-B43A-2F5ABBC369B6}.Release|x64.Build.0 = Release|x64
		{39F90411-A28E-4513-B43A-2F5ABBC369B6}.Release|x86.ActiveCfg = Release|Win32
		{39F90411-A28E-4513-B43A-2F5ABBC369B6}.Release|x86.Build.0 = Release|Win32
		{74D3EBD4-FF35-47BD-B3FF-F02FC42B803F}.Debug|x64.ActiveCfg = Debug|x64
		{74D3EBD4-FF35-47BD-B3FF-F02FC42B803F}.Debug|x64.Build.0 = Debug|x64
		{74D3EBD4-FF35-47BD-B3FF-F02FC42B803F}.Debug|x86.ActiveCfg = Debug|Win32
		{74D3EBD4-FF35-47BD-B3FF-F02FC42B803F}.Debug|x86.Build.0 = Debug|Win32
		{74D3EBD4-FF35-47BD-B3FF-F02FC42B803F}.Release|x64.ActiveCfg = Release|x64
		{74D3EBD4-FF35-47BD-B3FF-F02FC42B803F}.Release|x64.Build.0 = Release|x64
		{74D3EBD4-FF35-47BD-B3FF-F02FC42B803F}.Release|x86.ActiveCfg = Release|Win32
		{74D3EBD4-FF35-47BD-B3FF-F02FC42B803F}.Release|x86.Build.0 = Release|Win32
		{83851E51-0595-42C5-A572-BF27E93319DB}.Debug|x64.ActiveCfg = Debug|x64
		{83851E51-0595-42C5-A572-BF27E93319DB}.Debug|x64.Build.0 = Debug|x64
		{83851E51-0595-42C5-A572-BF27E93319DB}.Debug|x86.ActiveCfg = Debug|Win32
		{83851E51-0595-42C5-A572-BF27E93319DB}.Debug|x86.Build.0 = Debug|Win32
		{83851E51-0595-42C5-A572-BF27E93319DB}.Release|x64.ActiveCfg = Release|x64
		{83851E51-0595-42C5-A572-BF27E93319DB}.Release|x64.Build.0 = Release|x64
		{83851E51-0595-42C5-A572-BF27E93319DB}.Release|x86.ActiveCfg = Release|Win32
		{83851E51-0595-42C5-A572-BF27E93319DB}.Release|x86.Build.0 = Release|Win32
		{CFB11ECD-922A-43CF-9D2C-3145E12CC68B}.Debug|x64.ActiveCfg = Debug|x64
		{CFB11ECD-922A-43CF-9D2C-3145E12CC68B}.Debug|x64.Build.0 = Debug|x64
		{CFB11ECD-922A-43CF-9D2C-3145E12CC68B}.Debug|x86.ActiveCfg = Debug|Win32
		{CFB11ECD-922A-43CF-9D2C-3145E12CC68B}.Debug|x86.Build.0 = Debug|Win32
		{CFB11ECD-922A-43CF-9D2C-3145E12CC68B}.Release|x64.ActiveCfg = Release|x64
		{CFB11ECD-922A-43CF-9D2C-3145E12CC68B}.Release|x64.Build.0 = Release|x64
		{CFB11ECD-922A-43CF-9D2C-3145E12CC68B}.Release|x86.ActiveCfg = Release|Win32
		{CFB11ECD-922A-43CF-9D2C-3145E12CC68B}.Release|x86.Build.0 = Release|Win32
		{BEFE5F5A-56F1-470E-8665-8999C839B4DE}.Debug|x64.ActiveCfg = Debug|x64
		{BEFE5F5A-56F1-470E-8665-8999C839B4DE}.Debug|x64.Build.0 = Debug|x64
		{BEFE5F5A-56F1-470E-8665-8999C839B4DE}.Debug|x86.ActiveCfg = Debug|Win32
		{BEFE5F5A-56F1-470E-8665-8999C839B4DE}.Debug|x86.Build.0 = Debug|Win32
		{BEFE5F5A-56F1-470E-8665-8999C839B4DE}.Release|x64.ActiveCfg = Release|x64
		{BEFE5F5A-56F1-470E-8665-8999C839B4DE}.Release|x64.Build.0 = Release|x64
		{BEFE5F5A-56F1-470E-8665-8999C839B4DE}.Release|x86.ActiveCfg = Release|Win32
		{BEFE5F5A-56F1-470E-8665-8999C839B4DE}.Release|x86.Build.0 = Release|Win32
		{C87A0506-7228-44AE-B707-F68BF6FD5A98}.Debug|x64.ActiveCfg = Debug|x64
		{C87A0506-7228-44AE-B707-F68BF6FD5A98}.Debug|x64.Build.0 = Debug|x64
		{C87A0506-7228-44AE-B707-F68BF6FD5A98}.Debug|x86.ActiveCfg = Debug|Win32
		{C87A0506-7228-44AE-B707-F68BF6FD5A98}.Debug|x86.Build.0 = Debug|Win32
		{C87A0506-7228-44AE-B707-F68BF6FD5A98}.Release|x64.ActiveCfg = Release|x64
		{C87A0506-7228-44AE-B707-F68BF6FD5A98}.Release|x64.Build.0 = Release|x64
		{C87A0506-7228-44AE-B707-F68BF6FD5A98}.Release|x86.ActiveCfg = Release|Win32
		{C87A0506-7228-44AE-B707-F68BF6FD5A98}.Release|x86.Build.0 = Release|Win32
		{FF8B8F9A-5D7F-44F9-B01A-5500F5FEA95E}.Debug|x64.ActiveCfg = Debug|x64
		{FF8B8F9A-5D7F-44F9-B01A-5500F5FEA95E}.Debug|x64.Build.0 = Debug|x64
		{FF8B8F9A-5D7F-44F9-B01A-5500F5FEA95E}.Debug|x86.ActiveCfg = Debug|Win32
		{FF8B8F9A-5D7F-44F9-B01A-5500F5FEA95E}.Debug|x86.Build.0 = Debug|Win32
		{FF8B8F9A-5D7F-44F9-B01A-5500F5FEA95E}.Release|x64.ActiveCfg = Release|x64
		{FF8B8F9A-5D7F-44F9-B01A-5500F5FEA95E}.Release|x64.Build.0 = Release|x64
		{FF8B8F9A-5D7F-44F9-B01A-5500F5FEA95E}.Release|x86.ActiveCfg = Release|Win32
		{FF8B8F9A-5D7F-44F9-B01A-5500F5FEA95E}.Release|x86.Build.0 = Release|Win32
		{D257F7F9-9B85-4AB7-A51B-79A68A004BF9}.Debug|x64.ActiveCfg = Debug|x64
		{D257F7F9-9B85-4AB7-A51B-79A68A004BF9}.Debug|x64.Build.0 = Debug|x64
		{D257F7F9-9B85-4AB7-A51B-79A68A004BF9}.Debug|x86.ActiveCfg = Debug|Win32
		{D257F7F9-9B85-4AB7-A51B-79A68A004BF9}.Debug|x86.Build.0 = Debug|Win32
		{D257F7F9-9B85-4AB7-A51B-79A68A004BF9}.Release|x64.ActiveCfg = Release|x64
		{D257F7F9-9B85-4AB7-A51B-79A68A004BF9}.Release|x64.Build.0 = Release|x64
		{D257F7F9-9B85-4AB7-A51B-79A68A004BF9}.Release|x86.ActiveCfg = Release|Win32
		{D257F7F9-9B85-4AB7-A51B-79A68A004BF9}.Release|x86.Build.0 = Release|Win32
		{E5B78904-4221-421F-9EAE-C9B5C9665718}.Debug|x64.ActiveCfg = Debug|x64
		{E5B78904-4221-421F-9EAE-C9B5C9665718}.Debug|x64.Build.0 = Debug|x64
		{E5B78904-4221-421F-9EAE-C9B5C9665718}.Debug|x86.ActiveCfg = Debug|Win32
		{E5B78904-4221-421F-9EAE-C9B5C9665718}.Debug|x86.Build.0 = Debug|Win32
		{E5B78904-4221-421F-9EAE-C9B5C9665718}.Release|x64.ActiveCfg = Release|x64
		{E5B78904-4221-421F-9EAE-C9B5C9665718}.Release|x64.Build.0 = Release|x64
		{E5B78904-4221-421F-9EAE-C9B5C9665718}.Release|x86.ActiveCfg = Release|Win32
		{E5B78904-4221-421F-9EAE-C9B5C9665718}.Release|x86.Build.0 = Release|Win32
		{68ADB59B-FB33-4058-9C2E-4560880880E8}.Debug|x64.ActiveCfg = Debug|x64
		{68ADB59B-FB33-4058-9C2E-4560880880E8}.Debug|x64.Build.0 = Debug|x64
		{68ADB59B-FB33-4058-9C2E-4560880880E8}.Debug|x86.ActiveCfg = Debug|Win32
		{68ADB59B-FB33-4058-9C2E-4560880880E8}.Debug|x86.Build.0 = Debug|Win32
		{68ADB59B-FB33-4058-9C2E-4560880880E8}.Release|x64.ActiveCfg = Release|x64
		{68ADB59B-FB33-4058-9C2E-4560880880E8}.Release|x64.Build.0 = Release|x64
		{68ADB59B-FB33-4058-9C2E-4560880880E8}.Release|x86.ActiveCfg = Release|Win32
		{68ADB59B-FB33-4058-9C2E-4560880880E8}.Release|x86.Build.0 = Release|Win32
		{B9F5FC6F-4401-46A5-8AEC-923F95B6F750}.Debug|x64.ActiveCfg = Debug|x64
		{B9F5FC6F-4401-46A5-8AEC-923F95B6F750}.Debug|x64.Build.0 = Debug|x64
		{B9F5FC6F-4401-46A5-8AEC-923F95B6F750}.Debug|x86.ActiveCfg = Debug|Win32
		{B9F5FC6F-4401-46A5-8AEC-923F95B6F750}.Debug|x86.Build.0 = Debug|Win32
		{B9F5FC6F-4401-46A5-8AEC-923F95B6F750}.Release|x64.ActiveCfg = Release|x64
		{B9F5FC6F-4401-46A5-8AEC-923F95B6F750}.Release|x64.Build.0 = Release|x64
		{B9F5FC6F-4401-46A5-8AEC-923F95B6F750}.Release|x86.ActiveCfg = Release|Win32
		{B9F5FC6F-4401-46A5-8AEC-923F95B6F750}.Release|x86.Build.0 = Release|Win32
		{00C40D33-7201-4B35-8A3B-99199DD5D52F}.Debug|x64.ActiveCfg = Debug|x64
		{00C40D33-7201-4B35-8A3B-99199DD5D52F}.Debug|x64.Build.0 = Debug|x64
		{00C40D33-7201-4B35-8A3B-99199DD5D52F}.Debug|x86.ActiveCfg = Debug|Win32
		{00C40D33-7201-4B35-8A3B-99199DD5D52F}.Debug|x86.Build.0 = Debug|Win32
		{00C40D33-7201-4B35-8A3B-99199DD5D52F}.Release|x64.ActiveCfg = Release|x64
		{00C40D33-7201-4B35-8A3B-99199DD5D52F}.Release|x64.Build.0 = Release|x64
		{00C40D33-7201-4B35-8A3B-99199DD5D52F}.Release|x86.ActiveCfg = Release|Win32
		{00C40D33-7201-4B35-8A3B-99199DD5D52F}.Release|x86.Build.0 = Release|Win32
		{1839FD88-5B0E-4A17-B2A7-91D9691B8665}.Debug|x64.ActiveCfg = Debug|x64
		{1839FD88-5B0E-4A17-B2A7-91D9691B8665}.Debug|x64.Build.0 = Debug|x64
		{1839FD88-5B0E-4A17-B2A7-91D9691B8665}.Debug|x86.ActiveCfg = Debug|Win32
		{1839FD88-5B0E-4A17-B2A7-91D9691B8665}.Debug|x86.Build.0 = Debug|Win32
		{1839FD88-5B0E-4A17-B2A7-91D9691B8665}.Release|x64.ActiveCfg = Release|x64
		{1839FD88-5B0E-4A17-B2A7-91D9691B8665}.Release|x64.Build.0 = Release|x64
		{1839FD88-5B0E-4A17-B2A7-91D9691B8665}.Release|x86.ActiveCfg = Release|Win32
		{1839FD88-5B0E-4A17-B2A7-91D9691B8665}.Release|x86.Build.0 = Release|Win32
		{76DDA802-55D1-4F1E-A488-300500D6DA6A}.Debug|x64.ActiveCfg = Debug|x64
		{76DDA802-55D1-4F1E-A488-300500D6DA6A}.Debug|x64.Build.0 = Debug|x64
		{76DDA802-55D1-4F1E-A488-300500D6DA6A}.Debug|x86.ActiveCfg = Debug|Win32
		{76DDA802-55D1-4F1E-A488-300500D6DA6A}.Debug|x86.Build.0 = Debug|Win32
		{76DDA802-55D1-4F1E-A488-300500D6DA6A}.Release|x64.ActiveCfg = Release|x64
		{76DDA802-55D1-4F1E-A488-300500D6DA6A}.Release|x64.Build.0 = Release|x64
		{76DDA802-55D1-4F1E-A488-300500D6DA6A}.Release|x86.ActiveCfg = Release|Win32
		{76DDA802-55D1-4F1E-A488-300500D6DA6A}.Release|x86.Build.0 = Release|Win32
		{3F98509D-34D7-4CDB-9DBD-AB438408D332}.Debug|x64.ActiveCfg = Debug|x64
		{3F98509D-34D7-4CDB-9DBD-AB438408D332}.Debug|x64.Build.0 = Debug|x64
		{3F98509D-34D7-4CDB-9DBD-AB438408D332}.Debug|x86.ActiveCfg = Debug|Win32
		{3F98509D-34D7-4CDB-9DBD-AB438408D332}.Debug|x86.Build.0 = Debug|Win32
		{3F98509D-34D7-4CDB-9DBD-AB438408D332}.Release|x64.ActiveCfg = Release|x64
		{3F98509D-34D7-4CDB-9DBD-AB438408D332}.Release|x64.Build.0 = Release|x64
		{3F98509D-34D7-4CDB-9DBD-AB438408D332}.Release|x86.ActiveCfg = Release|Win32
		{3F98509D-34D7-4CDB-9DBD-AB438408D332}.Release|x86.Build.0 = Release|Win32
		{516192EB-788A-4FE7-B2B7-2EF9AC036B12}.Debug|x64.ActiveCfg = Debug|x64
		{516192EB-788A-4FE7-B2B7-2EF9AC036B12}.Debug|x64.Build.0 = Debug|x64
		{516192EB-788A-4FE7-B2B7-2EF9AC036B12}.Debug|x86.ActiveCfg = Debug|Win32
		{516192EB-788A-4FE7-B2B7-2EF9AC036B12}.Debug|x86.Build.0 = Debug|Win32
		{516192EB-788A-4FE7-B2B7-2EF9AC036B12}.Release|x64.ActiveCfg = Release|x64
		{516192EB-788A-4FE7-B2B7-2EF9AC036B12}.Release|x64.Build.0 = Release|x64
		{516192EB-788A-4FE7-B2B7-2EF9AC036B12}.Release|x86.ActiveCfg = Release|Win32
		{516192EB-788A-4FE7-B2B7-2EF9AC036B12}.Release|x86.Build.0 = Release|Win32
		{09C7AB0B-5093-4602-8DB8-580838E2824A}.Debug|x64.ActiveCfg = Debug|x64
		{09C7AB0B-5093-4602-8DB8-580838E2824A}.Debug|x64.Build.0 = Debug|x64
		{09C7AB0B-5093-4602-8DB8-580838E2824A}.Debug|x86.ActiveCfg = Debug|Win32
		{09C7AB0B-5093-4602-8DB8-580838E2824A}.Debug|x86.Build.0 = Debug|Win32
		{09C7AB0B-5093-4602-8DB8-580838E2824A}.Release|x64.ActiveCfg = Release|x64
		{09C7AB0B-5093-4602-8DB8-580838E2824A}.Release|x64.Build.0 = Release|x64
		{09C7AB0B-5093-4602-8DB8-580838E2824A}.Release|x86.ActiveCfg = Release|Win32
		{09C7AB0B-5093-4602-8DB8-580838E2824A}.Release|x86.Build.0 = Release|Win32
		{99898ECA-55D9-48CC-B888-07A1525BDDE7}.Debug|x64.ActiveCfg = Debug|x64
		{99898ECA-55D9-48CC-B888-07A1525BDDE7}.Debug|x64.Build.0 = Debug|x64
		{99898ECA-55D9-48CC-B888-07A1525BDDE7}.Debug|x86.ActiveCfg = Debug|Win32
		{99898ECA-55D9-48CC-B888-07A1525BDDE7}.Debug|x86.Build.0 = Debug|Win32
		{99898ECA-55D9-48CC-B888-07A1525BDDE7}.Release|x64.ActiveCfg = Release|x64
		{99898ECA-55D9-48CC-B888-07A1525BDDE7}.Release|x64.Build.0 = Release|x64
		{99898ECA-55D9-48CC-B888-07A1525BDDE7}.Release|x86.ActiveCfg = Release|Win32
		{99898ECA-55D9-48CC-B888-07A1525BDDE7}.Release|x86.Build.0 = Release|Win32
		{27A5E7EF-B565-493F-AF78-28ABC846BD76}.Debug|x64.ActiveCfg = Debug|x64
		{27A5E7EF-B565-493F-AF78-28ABC846BD76}.Debug|x64.Build.0 = Debug|x64
		{27A5E7EF-B565-493F-AF78-28ABC846BD76}.Debug|x86.ActiveCfg = Debug|Win32
		{27A5E7EF-B565-493F-AF78-28ABC846BD76}.Debug|x86.Build.0 = Debug|Win32
		{27A5E7EF-B565-493F-AF78-28ABC846BD76}.Release|x64.ActiveCfg = Release|x64
		{27A5E7EF-B565-493F-AF78-28ABC846BD76}.Release|x64.Build.0 = Release|x64
		{27A5E7EF-B565-493F-AF78-28ABC846BD76}.Release|x86.ActiveCfg = Release|Win32
		{27A5E7EF-B565-493F-AF78-28ABC846BD76}.Release|x86.Build.0 = Release|Win32
		{02CF87C9-8623-4A09-A4B2-A43B0D730E03}.Debug|x64.ActiveCfg = Debug|x64
		{02CF87C9-8623-4A09-A4B2-A43B0D730E03}.Debug|x64.Build.0 = Debug|x64
		{02CF87C9-8623-4A09-A4B2-A43B0D730E03}.Debug|x86.ActiveCfg = Debug|Win32
		{02CF87C9-8623-4A09-A4B2-A43B0D730E03}.Debug|x86.Build.0 = Debug|Win32
		{02CF87C9-8623-4A09-A4B2-A43B0D730E03}.Release|x64.ActiveCfg = Release|x64
		{02CF87C9-8623-4A09-A4B2-A43B0D730E03}.Release|x64.Build.0 = Release|x64
		{02CF87C9-8623-4A09-A4B2-A43B0D730E03}.Release|x86.ActiveCfg = Release|Win32
		{02CF87C9-8623-4A09-A4B2-A43B0D730E03}.Release|x86.Build.0 = Release|Win32
	EndGlobalSection
	GlobalSection(SolutionProperties) = preSolution
		HideSolutionNode = FALSE
	EndGlobalSection
	GlobalSection(NestedProjects) = preSolution
		{444BDD44-001F-4B01-BDF6-7AD45FA9D360} = {682CE208-6533-4AC8-B703-863D88A27E33}
		{D43994C0-C4B5-4E5F-9D8C-2E38C36660F1} = {682CE208-6533-4AC8-B703-863D88A27E33}
		{2D64311A-5C7C-477C-9295-686F9B47A5EC} = {7122A204-2EF7-49E4-95FB-38FD862F3D54}
		{EFFF697C-21AE-4810-8A94-7EDAF118BD13} = {34979924-3C8D-4DD8-B688-69C724EE45C6}
		{416BD204-113D-48A9-B031-B8A1B24D30C2} = {E9FD7529-0046-4328-A627-E864204F5C4A}
		{E44CF453-FF21-410B-9207-F14994DC5996} = {682CE208-6533-4AC8-B703-863D88A27E33}
		{F6EE6C4D-E84C-4D15-B5E8-770BE6625029} = {34979924-3C8D-4DD8-B688-69C724EE45C6}
		{428F7758-A18C-4D3D-A759-5FAB4C679E94} = {34979924-3C8D-4DD8-B688-69C724EE45C6}
		{B16A7E91-DBEE-4D6C-A212-64F0F045C154} = {CBFFACBE-E691-4F5B-83F9-18E034DBFE3F}
		{480CEEBC-5394-4919-A5A7-75667DE08230} = {34979924-3C8D-4DD8-B688-69C724EE45C6}
		{3629F01A-6FED-42EB-B308-E9F7F1346EAF} = {682CE208-6533-4AC8-B703-863D88A27E33}
		{E0B52AE7-E160-4D32-BF3F-910B785E5A8E} = {A078CCAB-C050-4259-98B0-91007493623C}
		{A1C49F84-347D-4AC5-ABCB-6944317E64E6} = {34979924-3C8D-4DD8-B688-69C724EE45C6}
		{7882EB09-6F33-4A84-A547-B777AA34047F} = {34979924-3C8D-4DD8-B688-69C724EE45C6}
		{E241A2F5-DA7D-47D0-A265-4FA57E742D67} = {CBFFACBE-E691-4F5B-83F9-18E034DBFE3F}
		{20F4F400-B46D-4B1D-A7F8-99186C8DAE6C} = {34979924-3C8D-4DD8-B688-69C724EE45C6}
		{39F90411-A28E-4513-B43A-2F5ABBC369B6} = {34979924-3C8D-4DD8-B688-69C724EE45C6}
		{74D3EBD4-FF35-47BD-B3FF-F02FC42B803F} = {34979924-3C8D-4DD8-B688-69C724EE45C6}
		{83851E51-0595-42C5-A572-BF27E93319DB} = {A078CCAB-C050-4259-98B0-91007493623C}
		{CFB11ECD-922A-43CF-9D2C-3145E12CC68B} = {749BAC45-867C-43BF-AAF6-8437BB453E2D}
		{BEFE5F5A-56F1-470E-8665-8999C839B4DE} = {749BAC45-867C-43BF-AAF6-8437BB453E2D}
		{C87A0506-7228-44AE-B707-F68BF6FD5A98} = {749BAC45-867C-43BF-AAF6-8437BB453E2D}
		{FF8B8F9A-5D7F-44F9-B01A-5500F5FEA95E} = {749BAC45-867C-43BF-AAF6-8437BB453E2D}
		{D257F7F9-9B85-4AB7-A51B-79A68A004BF9} = {53BBFA22-81E2-49E7-8D6D-81CDDD9C2EAF}
		{8B2F3BBC-1E57-4C49-ABBD-11B8C3E96F81} = {CBFFACBE-E691-4F5B-83F9-18E034DBFE3F}
		{4416BAF0-1075-409E-B4A3-3C822F4BF5CF} = {8B2F3BBC-1E57-4C49-ABBD-11B8C3E96F81}
		{E5B78904-4221-421F-9EAE-C9B5C9665718} = {749BAC45-867C-43BF-AAF6-8437BB453E2D}
		{68ADB59B-FB33-4058-9C2E-4560880880E8} = {473EFD43-E42F-4D08-A082-CF154BF445E4}
		{B9F5FC6F-4401-46A5-8AEC-923F95B6F750} = {473EFD43-E42F-4D08-A082-CF154BF445E4}
		{00C40D33-7201-4B35-8A3B-99199DD5D52F} = {473EFD43-E42F-4D08-A082-CF154BF445E4}
		{1839FD88-5B0E-4A17-B2A7-91D9691B8665} = {473EFD43-E42F-4D08-A082-CF154BF445E4}
		{76DDA802-55D1-4F1E-A488-300500D6DA6A} = {5C383F88-8C7F-4A45-B526-6094C5F3D6C2}
		{3F98509D-34D7-4CDB-9DBD-AB438408D332} = {5C383F88-8C7F-4A45-B526-6094C5F3D6C2}
		{CB260DCD-0107-46B5-84B1-1DE6D926481C} = {CBFFACBE-E691-4F5B-83F9-18E034DBFE3F}
		{516192EB-788A-4FE7-B2B7-2EF9AC036B12} = {A078CCAB-C050-4259-98B0-91007493623C}
		{09C7AB0B-5093-4602-8DB8-580838E2824A} = {5C383F88-8C7F-4A45-B526-6094C5F3D6C2}
		{99898ECA-55D9-48CC-B888-07A1525BDDE7} = {5C383F88-8C7F-4A45-B526-6094C5F3D6C2}
		{27A5E7EF-B565-493F-AF78-28ABC846BD76} = {682CE208-6533-4AC8-B703-863D88A27E33}
		{02CF87C9-8623-4A09-A4B2-A43B0D730E03} = {5C383F88-8C7F-4A45-B526-6094C5F3D6C2}
	EndGlobalSection
	GlobalSection(ExtensibilityGlobals) = postSolution
		SolutionGuid = {98D87A37-E693-4E45-9BA8-FF77083864B0}
	EndGlobalSection
EndGlobal
