<?xml version="1.0" encoding="utf-8"?>
<Project ToolsVersion="4.0" xmlns="http://schemas.microsoft.com/developer/msbuild/2003">
  <ItemGroup>
    <Filter Include="Inc">
      <UniqueIdentifier>{d34d4948-4b35-4785-8e69-65820a73dedb}</UniqueIdentifier>
    </Filter>
    <Filter Include="Src">
      <UniqueIdentifier>{60098441-6a44-42b6-b6ea-d85b53044973}</UniqueIdentifier>
    </Filter>
  </ItemGroup>
  <ItemGroup>
    <ClInclude Include="Inc\CMath.h">
      <Filter>Inc</Filter>
    </ClInclude>
    <ClInclude Include="Inc\Common.h">
      <Filter>Inc</Filter>
    </ClInclude>
    <ClInclude Include="Src\Precompiled.h">
      <Filter>Src</Filter>
    </ClInclude>
    <ClInclude Include="Inc\Vector3.h">
      <Filter>Inc</Filter>
    </ClInclude>
    <ClInclude Include="Inc\Matrix4.h">
      <Filter>Inc</Filter>
    </ClInclude>
    <ClInclude Include="Inc\Constant.h">
      <Filter>Inc</Filter>
    </ClInclude>
    <ClInclude Include="Inc\Vector4.h">
      <Filter>Inc</Filter>
    </ClInclude>
    <ClInclude Include="Inc\AABB.h">
      <Filter>Inc</Filter>
    </ClInclude>
    <ClInclude Include="Inc\Sphere.h">
      <Filter>Inc</Filter>
    </ClInclude>
    <ClInclude Include="Inc\Quaternion.h">
      <Filter>Inc</Filter>
    </ClInclude>
    <ClInclude Include="Inc\Vector2.h">
      <Filter>Inc</Filter>
    </ClInclude>
    <ClInclude Include="Inc\Random.h">
      <Filter>Inc</Filter>
    </ClInclude>
    <ClInclude Include="Inc\OBB.h">
      <Filter>Inc</Filter>
    </ClInclude>
    <ClInclude Include="Inc\Plane.h">
      <Filter>Inc</Filter>
    </ClInclude>
    <ClInclude Include="Inc\Ray.h">
      <Filter>Inc</Filter>
    </ClInclude>
  </ItemGroup>
  <ItemGroup>
    <ClCompile Include="Src\Precompiled.cpp">
      <Filter>Src</Filter>
    </ClCompile>
    <ClCompile Include="Src\CMath.cpp">
      <Filter>Src</Filter>
    </ClCompile>
    <ClCompile Include="Src\Random.cpp">
      <Filter>Src</Filter>
    </ClCompile>
  </ItemGroup>
</Project>